
Microsoft Visual Studio Solution File, Format Version 12.00
# Visual Studio Version 17
VisualStudioVersion = 17.2.32519.379
MinimumVisualStudioVersion = 10.0.40219.1
Project("{9A19103F-16F7-4668-BE54-9A1E7A4F7556}") = "Classes", "Classes\Classes.csproj", "{C85D6AF7-7D2B-4A4F-B608-62754204B8E5}"
EndProject
Project("{9A19103F-16F7-4668-BE54-9A1E7A4F7556}") = "Methods", "Methods\Methods.csproj", "{FFD468C6-EA7B-4D3B-A7E2-1E75BD0B8D74}"
EndProject
Project("{9A19103F-16F7-4668-BE54-9A1E7A4F7556}") = "Fields", "Fields\Fields.csproj", "{68FBFD06-ADBA-443C-BA11-84554A084C12}"
EndProject
Project("{9A19103F-16F7-4668-BE54-9A1E7A4F7556}") = "AccessModifiers", "AccessModifiers\AccessModifiers.csproj", "{90171BDB-249A-4043-A4A0-31ADE1143C80}"
EndProject
Project("{9A19103F-16F7-4668-BE54-9A1E7A4F7556}") = "Properties", "Properties\Properties.csproj", "{684260B5-B213-4A23-9DA8-A3D564A5A4FB}"
EndProject
Project("{9A19103F-16F7-4668-BE54-9A1E7A4F7556}") = "Indexers", "Indexers\Indexers.csproj", "{543678BF-F6F3-4075-8471-BC600DC66661}"
EndProject
Project("{9A19103F-16F7-4668-BE54-9A1E7A4F7556}") = "Exercises", "Exercises\Exercises.csproj", "{36F6F6DF-A3B3-400E-A0AB-24B7306D06AC}"
EndProject
Project("{9A19103F-16F7-4668-BE54-9A1E7A4F7556}") = "Inheritance", "Inheritance\Inheritance.csproj", "{63FBD076-6102-490D-ABCC-93BF7AF98F40}"
EndProject
Project("{9A19103F-16F7-4668-BE54-9A1E7A4F7556}") = "Composition", "Composition\Composition.csproj", "{0CCAC930-B198-473C-A7D9-0A163802AA1E}"
EndProject
Project("{9A19103F-16F7-4668-BE54-9A1E7A4F7556}") = "Amazon", "Amazon\Amazon.csproj", "{95B59E0E-5CC0-436E-AC10-773A12AF162A}"
EndProject
Project("{9A19103F-16F7-4668-BE54-9A1E7A4F7556}") = "Boxing", "Boxing\Boxing.csproj", "{987EF712-DF1F-4301-BE29-1EFA0B874D34}"
EndProject
Project("{9A19103F-16F7-4668-BE54-9A1E7A4F7556}") = "MethodOverriding", "MethodOverriding\MethodOverriding.csproj", "{00D09D92-7024-4A3E-964C-2E6C2FF27EA3}"
EndProject
Project("{9A19103F-16F7-4668-BE54-9A1E7A4F7556}") = "AbstractClasses", "AbstractClasses\AbstractClasses.csproj", "{6506C0AD-675A-4A7A-BFBD-B4D76F1DB319}"
EndProject
Project("{9A19103F-16F7-4668-BE54-9A1E7A4F7556}") = "Testability", "Testability\Testability.csproj", "{E266C852-8FD3-4F8B-B5A1-68A2D24AFEAA}"
EndProject
Project("{9A19103F-16F7-4668-BE54-9A1E7A4F7556}") = "Testability.Tests", "Testability.Tests\Testability.Tests.csproj", "{AEFC4EDA-00E7-4E11-ADD6-F14EF080A540}"
EndProject
Project("{FAE04EC0-301F-11D3-BF4B-00C04F79EFBC}") = "Extensibility", "Extensibility\Extensibility.csproj", "{A48509F3-EF11-4C8D-A190-F0CD63F9ADAD}"
EndProject
Project("{FAE04EC0-301F-11D3-BF4B-00C04F79EFBC}") = "MultipleInheritance", "MultipleInheritance\MultipleInheritance.csproj", "{A45DF0D5-575D-4036-A11F-9247CA044986}"
EndProject
Global
	GlobalSection(SolutionConfigurationPlatforms) = preSolution
		Debug|Any CPU = Debug|Any CPU
		Release|Any CPU = Release|Any CPU
	EndGlobalSection
	GlobalSection(ProjectConfigurationPlatforms) = postSolution
		{C85D6AF7-7D2B-4A4F-B608-62754204B8E5}.Debug|Any CPU.ActiveCfg = Debug|Any CPU
		{C85D6AF7-7D2B-4A4F-B608-62754204B8E5}.Debug|Any CPU.Build.0 = Debug|Any CPU
		{C85D6AF7-7D2B-4A4F-B608-62754204B8E5}.Release|Any CPU.ActiveCfg = Release|Any CPU
		{C85D6AF7-7D2B-4A4F-B608-62754204B8E5}.Release|Any CPU.Build.0 = Release|Any CPU
		{FFD468C6-EA7B-4D3B-A7E2-1E75BD0B8D74}.Debug|Any CPU.ActiveCfg = Debug|Any CPU
		{FFD468C6-EA7B-4D3B-A7E2-1E75BD0B8D74}.Debug|Any CPU.Build.0 = Debug|Any CPU
		{FFD468C6-EA7B-4D3B-A7E2-1E75BD0B8D74}.Release|Any CPU.ActiveCfg = Release|Any CPU
		{FFD468C6-EA7B-4D3B-A7E2-1E75BD0B8D74}.Release|Any CPU.Build.0 = Release|Any CPU
		{68FBFD06-ADBA-443C-BA11-84554A084C12}.Debug|Any CPU.ActiveCfg = Debug|Any CPU
		{68FBFD06-ADBA-443C-BA11-84554A084C12}.Debug|Any CPU.Build.0 = Debug|Any CPU
		{68FBFD06-ADBA-443C-BA11-84554A084C12}.Release|Any CPU.ActiveCfg = Release|Any CPU
		{68FBFD06-ADBA-443C-BA11-84554A084C12}.Release|Any CPU.Build.0 = Release|Any CPU
		{90171BDB-249A-4043-A4A0-31ADE1143C80}.Debug|Any CPU.ActiveCfg = Debug|Any CPU
		{90171BDB-249A-4043-A4A0-31ADE1143C80}.Debug|Any CPU.Build.0 = Debug|Any CPU
		{90171BDB-249A-4043-A4A0-31ADE1143C80}.Release|Any CPU.ActiveCfg = Release|Any CPU
		{90171BDB-249A-4043-A4A0-31ADE1143C80}.Release|Any CPU.Build.0 = Release|Any CPU
		{684260B5-B213-4A23-9DA8-A3D564A5A4FB}.Debug|Any CPU.ActiveCfg = Debug|Any CPU
		{684260B5-B213-4A23-9DA8-A3D564A5A4FB}.Debug|Any CPU.Build.0 = Debug|Any CPU
		{684260B5-B213-4A23-9DA8-A3D564A5A4FB}.Release|Any CPU.ActiveCfg = Release|Any CPU
		{684260B5-B213-4A23-9DA8-A3D564A5A4FB}.Release|Any CPU.Build.0 = Release|Any CPU
		{543678BF-F6F3-4075-8471-BC600DC66661}.Debug|Any CPU.ActiveCfg = Debug|Any CPU
		{543678BF-F6F3-4075-8471-BC600DC66661}.Debug|Any CPU.Build.0 = Debug|Any CPU
		{543678BF-F6F3-4075-8471-BC600DC66661}.Release|Any CPU.ActiveCfg = Release|Any CPU
		{543678BF-F6F3-4075-8471-BC600DC66661}.Release|Any CPU.Build.0 = Release|Any CPU
		{36F6F6DF-A3B3-400E-A0AB-24B7306D06AC}.Debug|Any CPU.ActiveCfg = Debug|Any CPU
		{36F6F6DF-A3B3-400E-A0AB-24B7306D06AC}.Debug|Any CPU.Build.0 = Debug|Any CPU
		{36F6F6DF-A3B3-400E-A0AB-24B7306D06AC}.Release|Any CPU.ActiveCfg = Release|Any CPU
		{36F6F6DF-A3B3-400E-A0AB-24B7306D06AC}.Release|Any CPU.Build.0 = Release|Any CPU
		{63FBD076-6102-490D-ABCC-93BF7AF98F40}.Debug|Any CPU.ActiveCfg = Debug|Any CPU
		{63FBD076-6102-490D-ABCC-93BF7AF98F40}.Debug|Any CPU.Build.0 = Debug|Any CPU
		{63FBD076-6102-490D-ABCC-93BF7AF98F40}.Release|Any CPU.ActiveCfg = Release|Any CPU
		{63FBD076-6102-490D-ABCC-93BF7AF98F40}.Release|Any CPU.Build.0 = Release|Any CPU
		{0CCAC930-B198-473C-A7D9-0A163802AA1E}.Debug|Any CPU.ActiveCfg = Debug|Any CPU
		{0CCAC930-B198-473C-A7D9-0A163802AA1E}.Debug|Any CPU.Build.0 = Debug|Any CPU
		{0CCAC930-B198-473C-A7D9-0A163802AA1E}.Release|Any CPU.ActiveCfg = Release|Any CPU
		{0CCAC930-B198-473C-A7D9-0A163802AA1E}.Release|Any CPU.Build.0 = Release|Any CPU
		{95B59E0E-5CC0-436E-AC10-773A12AF162A}.Debug|Any CPU.ActiveCfg = Debug|Any CPU
		{95B59E0E-5CC0-436E-AC10-773A12AF162A}.Debug|Any CPU.Build.0 = Debug|Any CPU
		{95B59E0E-5CC0-436E-AC10-773A12AF162A}.Release|Any CPU.ActiveCfg = Release|Any CPU
		{95B59E0E-5CC0-436E-AC10-773A12AF162A}.Release|Any CPU.Build.0 = Release|Any CPU
		{987EF712-DF1F-4301-BE29-1EFA0B874D34}.Debug|Any CPU.ActiveCfg = Debug|Any CPU
		{987EF712-DF1F-4301-BE29-1EFA0B874D34}.Debug|Any CPU.Build.0 = Debug|Any CPU
		{987EF712-DF1F-4301-BE29-1EFA0B874D34}.Release|Any CPU.ActiveCfg = Release|Any CPU
		{987EF712-DF1F-4301-BE29-1EFA0B874D34}.Release|Any CPU.Build.0 = Release|Any CPU
		{00D09D92-7024-4A3E-964C-2E6C2FF27EA3}.Debug|Any CPU.ActiveCfg = Debug|Any CPU
		{00D09D92-7024-4A3E-964C-2E6C2FF27EA3}.Debug|Any CPU.Build.0 = Debug|Any CPU
		{00D09D92-7024-4A3E-964C-2E6C2FF27EA3}.Release|Any CPU.ActiveCfg = Release|Any CPU
		{00D09D92-7024-4A3E-964C-2E6C2FF27EA3}.Release|Any CPU.Build.0 = Release|Any CPU
		{6506C0AD-675A-4A7A-BFBD-B4D76F1DB319}.Debug|Any CPU.ActiveCfg = Debug|Any CPU
		{6506C0AD-675A-4A7A-BFBD-B4D76F1DB319}.Debug|Any CPU.Build.0 = Debug|Any CPU
		{6506C0AD-675A-4A7A-BFBD-B4D76F1DB319}.Release|Any CPU.ActiveCfg = Release|Any CPU
		{6506C0AD-675A-4A7A-BFBD-B4D76F1DB319}.Release|Any CPU.Build.0 = Release|Any CPU
		{E266C852-8FD3-4F8B-B5A1-68A2D24AFEAA}.Debug|Any CPU.ActiveCfg = Debug|Any CPU
		{E266C852-8FD3-4F8B-B5A1-68A2D24AFEAA}.Debug|Any CPU.Build.0 = Debug|Any CPU
		{E266C852-8FD3-4F8B-B5A1-68A2D24AFEAA}.Release|Any CPU.ActiveCfg = Release|Any CPU
		{E266C852-8FD3-4F8B-B5A1-68A2D24AFEAA}.Release|Any CPU.Build.0 = Release|Any CPU
		{AEFC4EDA-00E7-4E11-ADD6-F14EF080A540}.Debug|Any CPU.ActiveCfg = Debug|Any CPU
		{AEFC4EDA-00E7-4E11-ADD6-F14EF080A540}.Debug|Any CPU.Build.0 = Debug|Any CPU
		{AEFC4EDA-00E7-4E11-ADD6-F14EF080A540}.Release|Any CPU.ActiveCfg = Release|Any CPU
		{AEFC4EDA-00E7-4E11-ADD6-F14EF080A540}.Release|Any CPU.Build.0 = Release|Any CPU
		{A48509F3-EF11-4C8D-A190-F0CD63F9ADAD}.Debug|Any CPU.ActiveCfg = Debug|Any CPU
		{A48509F3-EF11-4C8D-A190-F0CD63F9ADAD}.Debug|Any CPU.Build.0 = Debug|Any CPU
		{A48509F3-EF11-4C8D-A190-F0CD63F9ADAD}.Release|Any CPU.ActiveCfg = Release|Any CPU
		{A48509F3-EF11-4C8D-A190-F0CD63F9ADAD}.Release|Any CPU.Build.0 = Release|Any CPU
		{A45DF0D5-575D-4036-A11F-9247CA044986}.Debug|Any CPU.ActiveCfg = Debug|Any CPU
		{A45DF0D5-575D-4036-A11F-9247CA044986}.Debug|Any CPU.Build.0 = Debug|Any CPU
		{A45DF0D5-575D-4036-A11F-9247CA044986}.Release|Any CPU.ActiveCfg = Release|Any CPU
		{A45DF0D5-575D-4036-A11F-9247CA044986}.Release|Any CPU.Build.0 = Release|Any CPU
	EndGlobalSection
	GlobalSection(SolutionProperties) = preSolution
		HideSolutionNode = FALSE
	EndGlobalSection
	GlobalSection(ExtensibilityGlobals) = postSolution
		SolutionGuid = {75789022-DE22-40FF-8F42-6691DBF8772B}
	EndGlobalSection
EndGlobal
